
Microsoft Visual Studio Solution File, Format Version 12.00
# Visual Studio 15
VisualStudioVersion = 15.0.27130.2027
MinimumVisualStudioVersion = 10.0.40219.1
Project("{FAE04EC0-301F-11D3-BF4B-00C04F79EFBC}") = "GameSession", "GameSession\GameSession.csproj", "{47C2C6EF-FC7A-4E8B-9E6B-1AA017CB378E}"
EndProject
Global
	GlobalSection(SolutionConfigurationPlatforms) = preSolution
		Debug|Any CPU = Debug|Any CPU
		Release|Any CPU = Release|Any CPU
	EndGlobalSection
	GlobalSection(ProjectConfigurationPlatforms) = postSolution
		{47C2C6EF-FC7A-4E8B-9E6B-1AA017CB378E}.Debug|Any CPU.ActiveCfg = Debug|Any CPU
		{47C2C6EF-FC7A-4E8B-9E6B-1AA017CB378E}.Debug|Any CPU.Build.0 = Debug|Any CPU
		{47C2C6EF-FC7A-4E8B-9E6B-1AA017CB378E}.Release|Any CPU.ActiveCfg = Release|Any CPU
		{47C2C6EF-FC7A-4E8B-9E6B-1AA017CB378E}.Release|Any CPU.Build.0 = Release|Any CPU
	EndGlobalSection
	GlobalSection(SolutionProperties) = preSolution
		HideSolutionNode = FALSE
	EndGlobalSection
	GlobalSection(ExtensibilityGlobals) = postSolution
		SolutionGuid = {690F705B-8770-42D6-9CE3-D1A3344D7E4A}
	EndGlobalSection
EndGlobal
